
Microsoft Visual Studio Solution File, Format Version 12.00
# Visual Studio Version 17
VisualStudioVersion = 17.0.31903.59
MinimumVisualStudioVersion = 10.0.40219.1
Project("{2150E333-8FDC-42A3-9474-1A3956D46DE8}") = "src", "src", "{83B058F3-1F1E-4E47-92D2-90FB341A6989}"
EndProject
Project("{FAE04EC0-301F-11D3-BF4B-00C04F79EFBC}") = "AuctionService", "src\AuctionService\AuctionService.csproj", "{8930BF4E-C7D1-4E13-A790-18F13402DC68}"
EndProject
Global
	GlobalSection(SolutionConfigurationPlatforms) = preSolution
		Debug|Any CPU = Debug|Any CPU
		Release|Any CPU = Release|Any CPU
	EndGlobalSection
	GlobalSection(SolutionProperties) = preSolution
		HideSolutionNode = FALSE
	EndGlobalSection
	GlobalSection(ProjectConfigurationPlatforms) = postSolution
		{8930BF4E-C7D1-4E13-A790-18F13402DC68}.Debug|Any CPU.ActiveCfg = Debug|Any CPU
		{8930BF4E-C7D1-4E13-A790-18F13402DC68}.Debug|Any CPU.Build.0 = Debug|Any CPU
		{8930BF4E-C7D1-4E13-A790-18F13402DC68}.Release|Any CPU.ActiveCfg = Release|Any CPU
		{8930BF4E-C7D1-4E13-A790-18F13402DC68}.Release|Any CPU.Build.0 = Release|Any CPU
	EndGlobalSection
	GlobalSection(NestedProjects) = preSolution
		{8930BF4E-C7D1-4E13-A790-18F13402DC68} = {83B058F3-1F1E-4E47-92D2-90FB341A6989}
	EndGlobalSection
EndGlobal
